
Microsoft Visual Studio Solution File, Format Version 12.00
# Visual Studio 15
VisualStudioVersion = 15.0.28307.136
MinimumVisualStudioVersion = 10.0.40219.1
Project("{FAE04EC0-301F-11D3-BF4B-00C04F79EFBC}") = "LocomotiveIssues", "LocomotiveIssues\LocomotiveIssues.csproj", "{0861519B-3CEF-4E4A-BFCF-CB79C87E0A9B}"
EndProject
Project("{FAE04EC0-301F-11D3-BF4B-00C04F79EFBC}") = "LocomotiveIssues.Tests", "LocomotiveIssues.Tests\LocomotiveIssues.Tests.csproj", "{7F7E0B7E-0808-4336-BF10-5B079DA60887}"
EndProject
Global
	GlobalSection(SolutionConfigurationPlatforms) = preSolution
		Debug|Any CPU = Debug|Any CPU
		Release|Any CPU = Release|Any CPU
	EndGlobalSection
	GlobalSection(ProjectConfigurationPlatforms) = postSolution
		{0861519B-3CEF-4E4A-BFCF-CB79C87E0A9B}.Debug|Any CPU.ActiveCfg = Debug|Any CPU
		{0861519B-3CEF-4E4A-BFCF-CB79C87E0A9B}.Debug|Any CPU.Build.0 = Debug|Any CPU
		{0861519B-3CEF-4E4A-BFCF-CB79C87E0A9B}.Release|Any CPU.ActiveCfg = Release|Any CPU
		{0861519B-3CEF-4E4A-BFCF-CB79C87E0A9B}.Release|Any CPU.Build.0 = Release|Any CPU
		{7F7E0B7E-0808-4336-BF10-5B079DA60887}.Debug|Any CPU.ActiveCfg = Debug|Any CPU
		{7F7E0B7E-0808-4336-BF10-5B079DA60887}.Debug|Any CPU.Build.0 = Debug|Any CPU
		{7F7E0B7E-0808-4336-BF10-5B079DA60887}.Release|Any CPU.ActiveCfg = Release|Any CPU
		{7F7E0B7E-0808-4336-BF10-5B079DA60887}.Release|Any CPU.Build.0 = Release|Any CPU
	EndGlobalSection
	GlobalSection(SolutionProperties) = preSolution
		HideSolutionNode = FALSE
	EndGlobalSection
	GlobalSection(ExtensibilityGlobals) = postSolution
		SolutionGuid = {E6473233-AD97-49D3-B003-5C70EF71B6F1}
	EndGlobalSection
EndGlobal
